
Microsoft Visual Studio Solution File, Format Version 12.00
# Visual Studio Version 16
VisualStudioVersion = 16.0.30320.27
MinimumVisualStudioVersion = 10.0.40219.1
Project("{FAE04EC0-301F-11D3-BF4B-00C04F79EFBC}") = "SampleMvc", "SampleMvc\SampleMvc.csproj", "{76E3000F-F0EB-431E-95DA-9E530E4D976F}"
EndProject
Global
	GlobalSection(SolutionConfigurationPlatforms) = preSolution
		Debug|Any CPU = Debug|Any CPU
		Release|Any CPU = Release|Any CPU
	EndGlobalSection
	GlobalSection(ProjectConfigurationPlatforms) = postSolution
		{76E3000F-F0EB-431E-95DA-9E530E4D976F}.Debug|Any CPU.ActiveCfg = Debug|Any CPU
		{76E3000F-F0EB-431E-95DA-9E530E4D976F}.Debug|Any CPU.Build.0 = Debug|Any CPU
		{76E3000F-F0EB-431E-95DA-9E530E4D976F}.Release|Any CPU.ActiveCfg = Release|Any CPU
		{76E3000F-F0EB-431E-95DA-9E530E4D976F}.Release|Any CPU.Build.0 = Release|Any CPU
	EndGlobalSection
	GlobalSection(SolutionProperties) = preSolution
		HideSolutionNode = FALSE
	EndGlobalSection
	GlobalSection(ExtensibilityGlobals) = postSolution
		SolutionGuid = {B9F5EC50-A7BB-4399-BFDD-2AB23DF24D76}
	EndGlobalSection
EndGlobal
